
Microsoft Visual Studio Solution File, Format Version 12.00
# Visual Studio Version 17
VisualStudioVersion = 17.11.35327.3
MinimumVisualStudioVersion = 10.0.40219.1
Project("{8BC9CEB8-8B4A-11D0-8D11-00A0C91BC942}") = "05_08_02_运算符的优先级", "05_08_02_运算符的优先级.vcxproj", "{E25086CD-B04B-4170-BDB1-6C1660810FF8}"
EndProject
Global
	GlobalSection(SolutionConfigurationPlatforms) = preSolution
		Debug|x64 = Debug|x64
		Debug|x86 = Debug|x86
		Release|x64 = Release|x64
		Release|x86 = Release|x86
	EndGlobalSection
	GlobalSection(ProjectConfigurationPlatforms) = postSolution
		{E25086CD-B04B-4170-BDB1-6C1660810FF8}.Debug|x64.ActiveCfg = Debug|x64
		{E25086CD-B04B-4170-BDB1-6C1660810FF8}.Debug|x64.Build.0 = Debug|x64
		{E25086CD-B04B-4170-BDB1-6C1660810FF8}.Debug|x86.ActiveCfg = Debug|Win32
		{E25086CD-B04B-4170-BDB1-6C1660810FF8}.Debug|x86.Build.0 = Debug|Win32
		{E25086CD-B04B-4170-BDB1-6C1660810FF8}.Release|x64.ActiveCfg = Release|x64
		{E25086CD-B04B-4170-BDB1-6C1660810FF8}.Release|x64.Build.0 = Release|x64
		{E25086CD-B04B-4170-BDB1-6C1660810FF8}.Release|x86.ActiveCfg = Release|Win32
		{E25086CD-B04B-4170-BDB1-6C1660810FF8}.Release|x86.Build.0 = Release|Win32
	EndGlobalSection
	GlobalSection(SolutionProperties) = preSolution
		HideSolutionNode = FALSE
	EndGlobalSection
	GlobalSection(ExtensibilityGlobals) = postSolution
		SolutionGuid = {C6D5F5CA-C44D-44C9-9FEF-574BF5251B23}
	EndGlobalSection
EndGlobal
