
Microsoft Visual Studio Solution File, Format Version 12.00
# Visual Studio Version 17
VisualStudioVersion = 17.11.35327.3
MinimumVisualStudioVersion = 10.0.40219.1
Project("{8BC9CEB8-8B4A-11D0-8D11-00A0C91BC942}") = "09_09_02_指针数组", "09_09_02_指针数组.vcxproj", "{2D896A96-2900-434B-BF97-91E999651913}"
EndProject
Global
	GlobalSection(SolutionConfigurationPlatforms) = preSolution
		Debug|x64 = Debug|x64
		Debug|x86 = Debug|x86
		Release|x64 = Release|x64
		Release|x86 = Release|x86
	EndGlobalSection
	GlobalSection(ProjectConfigurationPlatforms) = postSolution
		{2D896A96-2900-434B-BF97-91E999651913}.Debug|x64.ActiveCfg = Debug|x64
		{2D896A96-2900-434B-BF97-91E999651913}.Debug|x64.Build.0 = Debug|x64
		{2D896A96-2900-434B-BF97-91E999651913}.Debug|x86.ActiveCfg = Debug|Win32
		{2D896A96-2900-434B-BF97-91E999651913}.Debug|x86.Build.0 = Debug|Win32
		{2D896A96-2900-434B-BF97-91E999651913}.Release|x64.ActiveCfg = Release|x64
		{2D896A96-2900-434B-BF97-91E999651913}.Release|x64.Build.0 = Release|x64
		{2D896A96-2900-434B-BF97-91E999651913}.Release|x86.ActiveCfg = Release|Win32
		{2D896A96-2900-434B-BF97-91E999651913}.Release|x86.Build.0 = Release|Win32
	EndGlobalSection
	GlobalSection(SolutionProperties) = preSolution
		HideSolutionNode = FALSE
	EndGlobalSection
	GlobalSection(ExtensibilityGlobals) = postSolution
		SolutionGuid = {649067EE-DF54-4FEC-9ED0-CA28CC9FCE6A}
	EndGlobalSection
EndGlobal
