
Microsoft Visual Studio Solution File, Format Version 12.00
# Visual Studio Version 17
VisualStudioVersion = 17.11.35327.3
MinimumVisualStudioVersion = 10.0.40219.1
Project("{8BC9CEB8-8B4A-11D0-8D11-00A0C91BC942}") = "04_07_转义字符", "04_07_转义字符.vcxproj", "{6A58400E-448A-4534-B863-31F7B2E781CF}"
EndProject
Global
	GlobalSection(SolutionConfigurationPlatforms) = preSolution
		Debug|x64 = Debug|x64
		Debug|x86 = Debug|x86
		Release|x64 = Release|x64
		Release|x86 = Release|x86
	EndGlobalSection
	GlobalSection(ProjectConfigurationPlatforms) = postSolution
		{6A58400E-448A-4534-B863-31F7B2E781CF}.Debug|x64.ActiveCfg = Debug|x64
		{6A58400E-448A-4534-B863-31F7B2E781CF}.Debug|x64.Build.0 = Debug|x64
		{6A58400E-448A-4534-B863-31F7B2E781CF}.Debug|x86.ActiveCfg = Debug|Win32
		{6A58400E-448A-4534-B863-31F7B2E781CF}.Debug|x86.Build.0 = Debug|Win32
		{6A58400E-448A-4534-B863-31F7B2E781CF}.Release|x64.ActiveCfg = Release|x64
		{6A58400E-448A-4534-B863-31F7B2E781CF}.Release|x64.Build.0 = Release|x64
		{6A58400E-448A-4534-B863-31F7B2E781CF}.Release|x86.ActiveCfg = Release|Win32
		{6A58400E-448A-4534-B863-31F7B2E781CF}.Release|x86.Build.0 = Release|Win32
	EndGlobalSection
	GlobalSection(SolutionProperties) = preSolution
		HideSolutionNode = FALSE
	EndGlobalSection
	GlobalSection(ExtensibilityGlobals) = postSolution
		SolutionGuid = {59A89AF3-6F7C-4A73-A75A-B9FBF489F946}
	EndGlobalSection
EndGlobal
