
Microsoft Visual Studio Solution File, Format Version 12.00
# Visual Studio Version 17
VisualStudioVersion = 17.11.35327.3
MinimumVisualStudioVersion = 10.0.40219.1
Project("{8BC9CEB8-8B4A-11D0-8D11-00A0C91BC942}") = "05_07_04_按位取反运算符", "05_07_04_按位取反运算符.vcxproj", "{5140CF50-C5E4-42DF-8E2B-A5FC0985DA02}"
EndProject
Global
	GlobalSection(SolutionConfigurationPlatforms) = preSolution
		Debug|x64 = Debug|x64
		Debug|x86 = Debug|x86
		Release|x64 = Release|x64
		Release|x86 = Release|x86
	EndGlobalSection
	GlobalSection(ProjectConfigurationPlatforms) = postSolution
		{5140CF50-C5E4-42DF-8E2B-A5FC0985DA02}.Debug|x64.ActiveCfg = Debug|x64
		{5140CF50-C5E4-42DF-8E2B-A5FC0985DA02}.Debug|x64.Build.0 = Debug|x64
		{5140CF50-C5E4-42DF-8E2B-A5FC0985DA02}.Debug|x86.ActiveCfg = Debug|Win32
		{5140CF50-C5E4-42DF-8E2B-A5FC0985DA02}.Debug|x86.Build.0 = Debug|Win32
		{5140CF50-C5E4-42DF-8E2B-A5FC0985DA02}.Release|x64.ActiveCfg = Release|x64
		{5140CF50-C5E4-42DF-8E2B-A5FC0985DA02}.Release|x64.Build.0 = Release|x64
		{5140CF50-C5E4-42DF-8E2B-A5FC0985DA02}.Release|x86.ActiveCfg = Release|Win32
		{5140CF50-C5E4-42DF-8E2B-A5FC0985DA02}.Release|x86.Build.0 = Release|Win32
	EndGlobalSection
	GlobalSection(SolutionProperties) = preSolution
		HideSolutionNode = FALSE
	EndGlobalSection
	GlobalSection(ExtensibilityGlobals) = postSolution
		SolutionGuid = {276D6BCA-84A3-4370-8F8C-03ED43F303BF}
	EndGlobalSection
EndGlobal
