
Microsoft Visual Studio Solution File, Format Version 12.00
# Visual Studio Version 17
VisualStudioVersion = 17.11.35327.3
MinimumVisualStudioVersion = 10.0.40219.1
Project("{8BC9CEB8-8B4A-11D0-8D11-00A0C91BC942}") = "06_01_03_else if语句", "06_01_03_else if语句.vcxproj", "{27CBBDD0-4DFE-4F90-A5AE-10CC2196F885}"
EndProject
Global
	GlobalSection(SolutionConfigurationPlatforms) = preSolution
		Debug|x64 = Debug|x64
		Debug|x86 = Debug|x86
		Release|x64 = Release|x64
		Release|x86 = Release|x86
	EndGlobalSection
	GlobalSection(ProjectConfigurationPlatforms) = postSolution
		{27CBBDD0-4DFE-4F90-A5AE-10CC2196F885}.Debug|x64.ActiveCfg = Debug|x64
		{27CBBDD0-4DFE-4F90-A5AE-10CC2196F885}.Debug|x64.Build.0 = Debug|x64
		{27CBBDD0-4DFE-4F90-A5AE-10CC2196F885}.Debug|x86.ActiveCfg = Debug|Win32
		{27CBBDD0-4DFE-4F90-A5AE-10CC2196F885}.Debug|x86.Build.0 = Debug|Win32
		{27CBBDD0-4DFE-4F90-A5AE-10CC2196F885}.Release|x64.ActiveCfg = Release|x64
		{27CBBDD0-4DFE-4F90-A5AE-10CC2196F885}.Release|x64.Build.0 = Release|x64
		{27CBBDD0-4DFE-4F90-A5AE-10CC2196F885}.Release|x86.ActiveCfg = Release|Win32
		{27CBBDD0-4DFE-4F90-A5AE-10CC2196F885}.Release|x86.Build.0 = Release|Win32
	EndGlobalSection
	GlobalSection(SolutionProperties) = preSolution
		HideSolutionNode = FALSE
	EndGlobalSection
	GlobalSection(ExtensibilityGlobals) = postSolution
		SolutionGuid = {CD88B6BC-21B8-4706-8406-5521850A5C3C}
	EndGlobalSection
EndGlobal
